// !$*UTF8*$!
{
    archiveVersion = 1;
    classes = {};
    objectVersion = 56;
    objects = {
        1D6058900D05DD3D006BFB54 /* Project object */ = {
            isa = PBXProject;
            buildConfigurationList = 1D60589B0D05DD3E006BFB54 /* Build configuration list */;
            compatibilityVersion = "Xcode 15.0";
            developmentRegion = en;
            hasScannedForEncodings = 0;
            knownRegions = (
                en,
            );
            mainGroup = 1D60588D0D05DD3D006BFB54;
            productRefGroup = 1D60588D0D05DD3D006BFB54;
            projectDirPath = "";
            targets = (
                1D6058910D05DD3D006BFB54 /* NinvaxApp */,
            );
        };
        1D6058910D05DD3D006BFB54 /* NinvaxApp */ = {
            isa = PBXNativeTarget;
            buildConfigurationList = 1D60589A0D05DD3E006BFB54 /* Build configuration list for target */;
            buildPhases = (
                1D6058940D05DD3D006BFB54 /* Sources */,
            );
            productName = NinvaxApp;
            productReference = 1D6058920D05DD3D006BFB54 /* NinvaxApp.app */;
            productType = "com.apple.product-type.application";
        };
        1D6058940D05DD3D006BFB54 /* Sources */ = {
            isa = PBXSourcesBuildPhase;
            buildActionMask = 2147483647;
            files = ();
            runOnlyForDeploymentPostprocessing = 0;
        };
        1D6058920D05DD3D006BFB54 /* NinvaxApp.app */ = {
            isa = PBXFileReference;
            explicitFileType = wrapper.application;
            path = NinvaxApp.app;
            sourceTree = BUILT_PRODUCTS_DIR;
        };
        1D60588D0D05DD3D006BFB54 = {
            isa = PBXGroup;
            children = (
                1D6058920D05DD3D006BFB54 /* NinvaxApp.app */,
            );
            sourceTree = "<group>";
        };
        1D60589F0D05DD3E006BFB54 /* Debug */ = {
            isa = XCBuildConfiguration;
            buildSettings = {
                PRODUCT_BUNDLE_IDENTIFIER = com.yourdomain.NinvaxApp;
                IPHONEOS_DEPLOYMENT_TARGET = 16.0;
            };
            name = Debug;
        };
        1D6058A30D05DD3E006BFB54 /* Release */ = {
            isa = XCBuildConfiguration;
            buildSettings = {
                PRODUCT_BUNDLE_IDENTIFIER = com.yourdomain.NinvaxApp;
                IPHONEOS_DEPLOYMENT_TARGET = 16.0;
            };
            name = Release;
        };
        1D60589E0D05DD3E006BFB54 /* Debug */ = {
            isa = XCBuildConfiguration;
            buildSettings = {
                PRODUCT_NAME = NinvaxApp;
            };
            name = Debug;
        };
        1D6058A20D05DD3E006BFB54 /* Release */ = {
            isa = XCBuildConfiguration;
            buildSettings = {
                PRODUCT_NAME = NinvaxApp;
            };
            name = Release;
        };
        1D60589B0D05DD3E006BFB54 /* Build configuration list */ = {
            isa = XCConfigurationList;
            buildConfigurations = (
                1D60589F0D05DD3E006BFB54 /* Debug */,
                1D6058A30D05DD3E006BFB54 /* Release */,
            );
            defaultConfigurationIsVisible = 0;
            defaultConfigurationName = Release;
        };
        1D60589A0D05DD3E006BFB54 /* Build configuration list for target */ = {
            isa = XCConfigurationList;
            buildConfigurations = (
                1D60589E0D05DD3E006BFB54 /* Debug */,
                1D6058A20D05DD3E006BFB54 /* Release */,
            );
            defaultConfigurationIsVisible = 0;
            defaultConfigurationName = Release;
        };
    };
    rootObject = 1D6058900D05DD3D006BFB54 /* Project object */;
}
